
Microsoft Visual Studio Solution File, Format Version 12.00
# Visual Studio Version 17
VisualStudioVersion = 17.13.35931.197 d17.13
MinimumVisualStudioVersion = 10.0.40219.1
Project("{FAE04EC0-301F-11D3-BF4B-00C04F79EFBC}") = "BACKEND", "BACKEND.csproj", "{270C5204-A1DD-42F6-B88F-AC2100F8A159}"
EndProject
Global
	GlobalSection(SolutionConfigurationPlatforms) = preSolution
		Debug|Any CPU = Debug|Any CPU
		Release|Any CPU = Release|Any CPU
	EndGlobalSection
	GlobalSection(ProjectConfigurationPlatforms) = postSolution
		{270C5204-A1DD-42F6-B88F-AC2100F8A159}.Debug|Any CPU.ActiveCfg = Debug|Any CPU
		{270C5204-A1DD-42F6-B88F-AC2100F8A159}.Debug|Any CPU.Build.0 = Debug|Any CPU
		{270C5204-A1DD-42F6-B88F-AC2100F8A159}.Release|Any CPU.ActiveCfg = Release|Any CPU
		{270C5204-A1DD-42F6-B88F-AC2100F8A159}.Release|Any CPU.Build.0 = Release|Any CPU
	EndGlobalSection
	GlobalSection(SolutionProperties) = preSolution
		HideSolutionNode = FALSE
	EndGlobalSection
	GlobalSection(ExtensibilityGlobals) = postSolution
		SolutionGuid = {5807AE45-5661-49D4-AC06-547B4042E1E3}
	EndGlobalSection
EndGlobal
